
Microsoft Visual Studio Solution File, Format Version 12.00
# Visual Studio Version 16
VisualStudioVersion = 16.0.29403.142
MinimumVisualStudioVersion = 10.0.40219.1
Project("{9A19103F-16F7-4668-BE54-9A1E7A4F7556}") = "Adventure.IdentityHost", "..\Adventure.IdentityHost\Adventure.IdentityHost.csproj", "{7813071A-0790-4FFD-975E-B02DC40DF95D}"
EndProject
Global
	GlobalSection(SolutionConfigurationPlatforms) = preSolution
		Debug|Any CPU = Debug|Any CPU
		Release|Any CPU = Release|Any CPU
	EndGlobalSection
	GlobalSection(ProjectConfigurationPlatforms) = postSolution
		{7813071A-0790-4FFD-975E-B02DC40DF95D}.Debug|Any CPU.ActiveCfg = Debug|Any CPU
		{7813071A-0790-4FFD-975E-B02DC40DF95D}.Debug|Any CPU.Build.0 = Debug|Any CPU
		{7813071A-0790-4FFD-975E-B02DC40DF95D}.Release|Any CPU.ActiveCfg = Release|Any CPU
		{7813071A-0790-4FFD-975E-B02DC40DF95D}.Release|Any CPU.Build.0 = Release|Any CPU
	EndGlobalSection
	GlobalSection(SolutionProperties) = preSolution
		HideSolutionNode = FALSE
	EndGlobalSection
	GlobalSection(ExtensibilityGlobals) = postSolution
		SolutionGuid = {27C1118C-3051-4174-AB6A-EA4999433A9B}
	EndGlobalSection
EndGlobal
