
Microsoft Visual Studio Solution File, Format Version 12.00
# Visual Studio Version 16
VisualStudioVersion = 16.0.29009.5
MinimumVisualStudioVersion = 10.0.40219.1
Project("{FAE04EC0-301F-11D3-BF4B-00C04F79EFBC}") = "Adventure.Web.API", "Adventure.Web.API\Adventure.Web.API.csproj", "{247D6397-7C1F-4B07-A562-8119BEDE8ED5}"
EndProject
Project("{FAE04EC0-301F-11D3-BF4B-00C04F79EFBC}") = "Adventure.Contracts", "Adventure.Contracts\Adventure.Contracts.csproj", "{71CFC592-01FD-4BB9-8530-5B0EA2BAD42F}"
EndProject
Project("{FAE04EC0-301F-11D3-BF4B-00C04F79EFBC}") = "Adventure.Services", "Adventure.Services\Adventure.Services.csproj", "{C73227A4-1D74-4EB1-9B25-7E901DE3FB08}"
EndProject
Global
	GlobalSection(SolutionConfigurationPlatforms) = preSolution
		Debug|Any CPU = Debug|Any CPU
		Release|Any CPU = Release|Any CPU
	EndGlobalSection
	GlobalSection(ProjectConfigurationPlatforms) = postSolution
		{247D6397-7C1F-4B07-A562-8119BEDE8ED5}.Debug|Any CPU.ActiveCfg = Debug|Any CPU
		{247D6397-7C1F-4B07-A562-8119BEDE8ED5}.Debug|Any CPU.Build.0 = Debug|Any CPU
		{247D6397-7C1F-4B07-A562-8119BEDE8ED5}.Release|Any CPU.ActiveCfg = Release|Any CPU
		{247D6397-7C1F-4B07-A562-8119BEDE8ED5}.Release|Any CPU.Build.0 = Release|Any CPU
		{71CFC592-01FD-4BB9-8530-5B0EA2BAD42F}.Debug|Any CPU.ActiveCfg = Debug|Any CPU
		{71CFC592-01FD-4BB9-8530-5B0EA2BAD42F}.Debug|Any CPU.Build.0 = Debug|Any CPU
		{71CFC592-01FD-4BB9-8530-5B0EA2BAD42F}.Release|Any CPU.ActiveCfg = Release|Any CPU
		{71CFC592-01FD-4BB9-8530-5B0EA2BAD42F}.Release|Any CPU.Build.0 = Release|Any CPU
		{C73227A4-1D74-4EB1-9B25-7E901DE3FB08}.Debug|Any CPU.ActiveCfg = Debug|Any CPU
		{C73227A4-1D74-4EB1-9B25-7E901DE3FB08}.Debug|Any CPU.Build.0 = Debug|Any CPU
		{C73227A4-1D74-4EB1-9B25-7E901DE3FB08}.Release|Any CPU.ActiveCfg = Release|Any CPU
		{C73227A4-1D74-4EB1-9B25-7E901DE3FB08}.Release|Any CPU.Build.0 = Release|Any CPU
	EndGlobalSection
	GlobalSection(SolutionProperties) = preSolution
		HideSolutionNode = FALSE
	EndGlobalSection
	GlobalSection(ExtensibilityGlobals) = postSolution
		SolutionGuid = {AA656F79-40F3-49FA-B956-6B91BF6CB73F}
	EndGlobalSection
EndGlobal
