
Microsoft Visual Studio Solution File, Format Version 12.00
# Visual Studio Version 16
VisualStudioVersion = 16.0.28803.452
MinimumVisualStudioVersion = 10.0.40219.1
Project("{9A19103F-16F7-4668-BE54-9A1E7A4F7556}") = "Adventure.Mobile", "Adventure.Mobile\Adventure.Mobile\Adventure.Mobile.csproj", "{85CF98E6-77F5-46C8-8DB0-8422878E1AF2}"
EndProject
Project("{FAE04EC0-301F-11D3-BF4B-00C04F79EFBC}") = "Adventure.Mobile.Android", "Adventure.Mobile\Adventure.Mobile.Android\Adventure.Mobile.Android.csproj", "{0DF7E632-C2F9-4AB2-8EC5-070979DDF871}"
EndProject
Project("{FAE04EC0-301F-11D3-BF4B-00C04F79EFBC}") = "Adventure.Mobile.iOS", "Adventure.Mobile\Adventure.Mobile.iOS\Adventure.Mobile.iOS.csproj", "{D004794A-8B34-40C0-94BA-5DE017203774}"
EndProject
Project("{FAE04EC0-301F-11D3-BF4B-00C04F79EFBC}") = "Adventure.Mobile.UWP", "Adventure.Mobile\Adventure.Mobile.UWP\Adventure.Mobile.UWP.csproj", "{4A151FD3-2D9E-48FE-9B89-4435FA63F7C8}"
EndProject
Project("{FAE04EC0-301F-11D3-BF4B-00C04F79EFBC}") = "Adventure.Mobile.Repository", "Adventure.Mobile.Repository\Adventure.Mobile.Repository.csproj", "{B8532F27-6DBC-4754-B44D-F8418954C928}"
EndProject
Global
	GlobalSection(SolutionConfigurationPlatforms) = preSolution
		Ad-Hoc|Any CPU = Ad-Hoc|Any CPU
		Ad-Hoc|ARM = Ad-Hoc|ARM
		Ad-Hoc|iPhone = Ad-Hoc|iPhone
		Ad-Hoc|iPhoneSimulator = Ad-Hoc|iPhoneSimulator
		Ad-Hoc|x64 = Ad-Hoc|x64
		Ad-Hoc|x86 = Ad-Hoc|x86
		AppStore|Any CPU = AppStore|Any CPU
		AppStore|ARM = AppStore|ARM
		AppStore|iPhone = AppStore|iPhone
		AppStore|iPhoneSimulator = AppStore|iPhoneSimulator
		AppStore|x64 = AppStore|x64
		AppStore|x86 = AppStore|x86
		Debug|Any CPU = Debug|Any CPU
		Debug|ARM = Debug|ARM
		Debug|iPhone = Debug|iPhone
		Debug|iPhoneSimulator = Debug|iPhoneSimulator
		Debug|x64 = Debug|x64
		Debug|x86 = Debug|x86
		Release|Any CPU = Release|Any CPU
		Release|ARM = Release|ARM
		Release|iPhone = Release|iPhone
		Release|iPhoneSimulator = Release|iPhoneSimulator
		Release|x64 = Release|x64
		Release|x86 = Release|x86
	EndGlobalSection
	GlobalSection(ProjectConfigurationPlatforms) = postSolution
		{85CF98E6-77F5-46C8-8DB0-8422878E1AF2}.Ad-Hoc|Any CPU.ActiveCfg = Debug|Any CPU
		{85CF98E6-77F5-46C8-8DB0-8422878E1AF2}.Ad-Hoc|Any CPU.Build.0 = Debug|Any CPU
		{85CF98E6-77F5-46C8-8DB0-8422878E1AF2}.Ad-Hoc|ARM.ActiveCfg = Debug|Any CPU
		{85CF98E6-77F5-46C8-8DB0-8422878E1AF2}.Ad-Hoc|ARM.Build.0 = Debug|Any CPU
		{85CF98E6-77F5-46C8-8DB0-8422878E1AF2}.Ad-Hoc|iPhone.ActiveCfg = Debug|Any CPU
		{85CF98E6-77F5-46C8-8DB0-8422878E1AF2}.Ad-Hoc|iPhone.Build.0 = Debug|Any CPU
		{85CF98E6-77F5-46C8-8DB0-8422878E1AF2}.Ad-Hoc|iPhoneSimulator.ActiveCfg = Debug|Any CPU
		{85CF98E6-77F5-46C8-8DB0-8422878E1AF2}.Ad-Hoc|iPhoneSimulator.Build.0 = Debug|Any CPU
		{85CF98E6-77F5-46C8-8DB0-8422878E1AF2}.Ad-Hoc|x64.ActiveCfg = Debug|Any CPU
		{85CF98E6-77F5-46C8-8DB0-8422878E1AF2}.Ad-Hoc|x64.Build.0 = Debug|Any CPU
		{85CF98E6-77F5-46C8-8DB0-8422878E1AF2}.Ad-Hoc|x86.ActiveCfg = Debug|Any CPU
		{85CF98E6-77F5-46C8-8DB0-8422878E1AF2}.Ad-Hoc|x86.Build.0 = Debug|Any CPU
		{85CF98E6-77F5-46C8-8DB0-8422878E1AF2}.AppStore|Any CPU.ActiveCfg = Debug|Any CPU
		{85CF98E6-77F5-46C8-8DB0-8422878E1AF2}.AppStore|Any CPU.Build.0 = Debug|Any CPU
		{85CF98E6-77F5-46C8-8DB0-8422878E1AF2}.AppStore|ARM.ActiveCfg = Debug|Any CPU
		{85CF98E6-77F5-46C8-8DB0-8422878E1AF2}.AppStore|ARM.Build.0 = Debug|Any CPU
		{85CF98E6-77F5-46C8-8DB0-8422878E1AF2}.AppStore|iPhone.ActiveCfg = Debug|Any CPU
		{85CF98E6-77F5-46C8-8DB0-8422878E1AF2}.AppStore|iPhone.Build.0 = Debug|Any CPU
		{85CF98E6-77F5-46C8-8DB0-8422878E1AF2}.AppStore|iPhoneSimulator.ActiveCfg = Debug|Any CPU
		{85CF98E6-77F5-46C8-8DB0-8422878E1AF2}.AppStore|iPhoneSimulator.Build.0 = Debug|Any CPU
		{85CF98E6-77F5-46C8-8DB0-8422878E1AF2}.AppStore|x64.ActiveCfg = Debug|Any CPU
		{85CF98E6-77F5-46C8-8DB0-8422878E1AF2}.AppStore|x64.Build.0 = Debug|Any CPU
		{85CF98E6-77F5-46C8-8DB0-8422878E1AF2}.AppStore|x86.ActiveCfg = Debug|Any CPU
		{85CF98E6-77F5-46C8-8DB0-8422878E1AF2}.AppStore|x86.Build.0 = Debug|Any CPU
		{85CF98E6-77F5-46C8-8DB0-8422878E1AF2}.Debug|Any CPU.ActiveCfg = Debug|Any CPU
		{85CF98E6-77F5-46C8-8DB0-8422878E1AF2}.Debug|Any CPU.Build.0 = Debug|Any CPU
		{85CF98E6-77F5-46C8-8DB0-8422878E1AF2}.Debug|ARM.ActiveCfg = Debug|Any CPU
		{85CF98E6-77F5-46C8-8DB0-8422878E1AF2}.Debug|ARM.Build.0 = Debug|Any CPU
		{85CF98E6-77F5-46C8-8DB0-8422878E1AF2}.Debug|iPhone.ActiveCfg = Debug|Any CPU
		{85CF98E6-77F5-46C8-8DB0-8422878E1AF2}.Debug|iPhone.Build.0 = Debug|Any CPU
		{85CF98E6-77F5-46C8-8DB0-8422878E1AF2}.Debug|iPhoneSimulator.ActiveCfg = Debug|Any CPU
		{85CF98E6-77F5-46C8-8DB0-8422878E1AF2}.Debug|iPhoneSimulator.Build.0 = Debug|Any CPU
		{85CF98E6-77F5-46C8-8DB0-8422878E1AF2}.Debug|x64.ActiveCfg = Debug|Any CPU
		{85CF98E6-77F5-46C8-8DB0-8422878E1AF2}.Debug|x64.Build.0 = Debug|Any CPU
		{85CF98E6-77F5-46C8-8DB0-8422878E1AF2}.Debug|x86.ActiveCfg = Debug|Any CPU
		{85CF98E6-77F5-46C8-8DB0-8422878E1AF2}.Debug|x86.Build.0 = Debug|Any CPU
		{85CF98E6-77F5-46C8-8DB0-8422878E1AF2}.Release|Any CPU.ActiveCfg = Release|Any CPU
		{85CF98E6-77F5-46C8-8DB0-8422878E1AF2}.Release|Any CPU.Build.0 = Release|Any CPU
		{85CF98E6-77F5-46C8-8DB0-8422878E1AF2}.Release|ARM.ActiveCfg = Release|Any CPU
		{85CF98E6-77F5-46C8-8DB0-8422878E1AF2}.Release|ARM.Build.0 = Release|Any CPU
		{85CF98E6-77F5-46C8-8DB0-8422878E1AF2}.Release|iPhone.ActiveCfg = Release|Any CPU
		{85CF98E6-77F5-46C8-8DB0-8422878E1AF2}.Release|iPhone.Build.0 = Release|Any CPU
		{85CF98E6-77F5-46C8-8DB0-8422878E1AF2}.Release|iPhoneSimulator.ActiveCfg = Release|Any CPU
		{85CF98E6-77F5-46C8-8DB0-8422878E1AF2}.Release|iPhoneSimulator.Build.0 = Release|Any CPU
		{85CF98E6-77F5-46C8-8DB0-8422878E1AF2}.Release|x64.ActiveCfg = Release|Any CPU
		{85CF98E6-77F5-46C8-8DB0-8422878E1AF2}.Release|x64.Build.0 = Release|Any CPU
		{85CF98E6-77F5-46C8-8DB0-8422878E1AF2}.Release|x86.ActiveCfg = Release|Any CPU
		{85CF98E6-77F5-46C8-8DB0-8422878E1AF2}.Release|x86.Build.0 = Release|Any CPU
		{0DF7E632-C2F9-4AB2-8EC5-070979DDF871}.Ad-Hoc|Any CPU.ActiveCfg = Release|Any CPU
		{0DF7E632-C2F9-4AB2-8EC5-070979DDF871}.Ad-Hoc|Any CPU.Build.0 = Release|Any CPU
		{0DF7E632-C2F9-4AB2-8EC5-070979DDF871}.Ad-Hoc|Any CPU.Deploy.0 = Release|Any CPU
		{0DF7E632-C2F9-4AB2-8EC5-070979DDF871}.Ad-Hoc|ARM.ActiveCfg = Release|Any CPU
		{0DF7E632-C2F9-4AB2-8EC5-070979DDF871}.Ad-Hoc|ARM.Build.0 = Release|Any CPU
		{0DF7E632-C2F9-4AB2-8EC5-070979DDF871}.Ad-Hoc|ARM.Deploy.0 = Release|Any CPU
		{0DF7E632-C2F9-4AB2-8EC5-070979DDF871}.Ad-Hoc|iPhone.ActiveCfg = Release|Any CPU
		{0DF7E632-C2F9-4AB2-8EC5-070979DDF871}.Ad-Hoc|iPhone.Build.0 = Release|Any CPU
		{0DF7E632-C2F9-4AB2-8EC5-070979DDF871}.Ad-Hoc|iPhone.Deploy.0 = Release|Any CPU
		{0DF7E632-C2F9-4AB2-8EC5-070979DDF871}.Ad-Hoc|iPhoneSimulator.ActiveCfg = Release|Any CPU
		{0DF7E632-C2F9-4AB2-8EC5-070979DDF871}.Ad-Hoc|iPhoneSimulator.Build.0 = Release|Any CPU
		{0DF7E632-C2F9-4AB2-8EC5-070979DDF871}.Ad-Hoc|iPhoneSimulator.Deploy.0 = Release|Any CPU
		{0DF7E632-C2F9-4AB2-8EC5-070979DDF871}.Ad-Hoc|x64.ActiveCfg = Release|Any CPU
		{0DF7E632-C2F9-4AB2-8EC5-070979DDF871}.Ad-Hoc|x64.Build.0 = Release|Any CPU
		{0DF7E632-C2F9-4AB2-8EC5-070979DDF871}.Ad-Hoc|x64.Deploy.0 = Release|Any CPU
		{0DF7E632-C2F9-4AB2-8EC5-070979DDF871}.Ad-Hoc|x86.ActiveCfg = Release|Any CPU
		{0DF7E632-C2F9-4AB2-8EC5-070979DDF871}.Ad-Hoc|x86.Build.0 = Release|Any CPU
		{0DF7E632-C2F9-4AB2-8EC5-070979DDF871}.Ad-Hoc|x86.Deploy.0 = Release|Any CPU
		{0DF7E632-C2F9-4AB2-8EC5-070979DDF871}.AppStore|Any CPU.ActiveCfg = Release|Any CPU
		{0DF7E632-C2F9-4AB2-8EC5-070979DDF871}.AppStore|Any CPU.Build.0 = Release|Any CPU
		{0DF7E632-C2F9-4AB2-8EC5-070979DDF871}.AppStore|Any CPU.Deploy.0 = Release|Any CPU
		{0DF7E632-C2F9-4AB2-8EC5-070979DDF871}.AppStore|ARM.ActiveCfg = Release|Any CPU
		{0DF7E632-C2F9-4AB2-8EC5-070979DDF871}.AppStore|ARM.Build.0 = Release|Any CPU
		{0DF7E632-C2F9-4AB2-8EC5-070979DDF871}.AppStore|ARM.Deploy.0 = Release|Any CPU
		{0DF7E632-C2F9-4AB2-8EC5-070979DDF871}.AppStore|iPhone.ActiveCfg = Release|Any CPU
		{0DF7E632-C2F9-4AB2-8EC5-070979DDF871}.AppStore|iPhone.Build.0 = Release|Any CPU
		{0DF7E632-C2F9-4AB2-8EC5-070979DDF871}.AppStore|iPhone.Deploy.0 = Release|Any CPU
		{0DF7E632-C2F9-4AB2-8EC5-070979DDF871}.AppStore|iPhoneSimulator.ActiveCfg = Release|Any CPU
		{0DF7E632-C2F9-4AB2-8EC5-070979DDF871}.AppStore|iPhoneSimulator.Build.0 = Release|Any CPU
		{0DF7E632-C2F9-4AB2-8EC5-070979DDF871}.AppStore|iPhoneSimulator.Deploy.0 = Release|Any CPU
		{0DF7E632-C2F9-4AB2-8EC5-070979DDF871}.AppStore|x64.ActiveCfg = Release|Any CPU
		{0DF7E632-C2F9-4AB2-8EC5-070979DDF871}.AppStore|x64.Build.0 = Release|Any CPU
		{0DF7E632-C2F9-4AB2-8EC5-070979DDF871}.AppStore|x64.Deploy.0 = Release|Any CPU
		{0DF7E632-C2F9-4AB2-8EC5-070979DDF871}.AppStore|x86.ActiveCfg = Release|Any CPU
		{0DF7E632-C2F9-4AB2-8EC5-070979DDF871}.AppStore|x86.Build.0 = Release|Any CPU
		{0DF7E632-C2F9-4AB2-8EC5-070979DDF871}.AppStore|x86.Deploy.0 = Release|Any CPU
		{0DF7E632-C2F9-4AB2-8EC5-070979DDF871}.Debug|Any CPU.ActiveCfg = Debug|Any CPU
		{0DF7E632-C2F9-4AB2-8EC5-070979DDF871}.Debug|Any CPU.Build.0 = Debug|Any CPU
		{0DF7E632-C2F9-4AB2-8EC5-070979DDF871}.Debug|Any CPU.Deploy.0 = Debug|Any CPU
		{0DF7E632-C2F9-4AB2-8EC5-070979DDF871}.Debug|ARM.ActiveCfg = Debug|Any CPU
		{0DF7E632-C2F9-4AB2-8EC5-070979DDF871}.Debug|ARM.Build.0 = Debug|Any CPU
		{0DF7E632-C2F9-4AB2-8EC5-070979DDF871}.Debug|ARM.Deploy.0 = Debug|Any CPU
		{0DF7E632-C2F9-4AB2-8EC5-070979DDF871}.Debug|iPhone.ActiveCfg = Debug|Any CPU
		{0DF7E632-C2F9-4AB2-8EC5-070979DDF871}.Debug|iPhone.Build.0 = Debug|Any CPU
		{0DF7E632-C2F9-4AB2-8EC5-070979DDF871}.Debug|iPhone.Deploy.0 = Debug|Any CPU
		{0DF7E632-C2F9-4AB2-8EC5-070979DDF871}.Debug|iPhoneSimulator.ActiveCfg = Debug|Any CPU
		{0DF7E632-C2F9-4AB2-8EC5-070979DDF871}.Debug|iPhoneSimulator.Build.0 = Debug|Any CPU
		{0DF7E632-C2F9-4AB2-8EC5-070979DDF871}.Debug|iPhoneSimulator.Deploy.0 = Debug|Any CPU
		{0DF7E632-C2F9-4AB2-8EC5-070979DDF871}.Debug|x64.ActiveCfg = Debug|Any CPU
		{0DF7E632-C2F9-4AB2-8EC5-070979DDF871}.Debug|x64.Build.0 = Debug|Any CPU
		{0DF7E632-C2F9-4AB2-8EC5-070979DDF871}.Debug|x64.Deploy.0 = Debug|Any CPU
		{0DF7E632-C2F9-4AB2-8EC5-070979DDF871}.Debug|x86.ActiveCfg = Debug|Any CPU
		{0DF7E632-C2F9-4AB2-8EC5-070979DDF871}.Debug|x86.Build.0 = Debug|Any CPU
		{0DF7E632-C2F9-4AB2-8EC5-070979DDF871}.Debug|x86.Deploy.0 = Debug|Any CPU
		{0DF7E632-C2F9-4AB2-8EC5-070979DDF871}.Release|Any CPU.ActiveCfg = Release|Any CPU
		{0DF7E632-C2F9-4AB2-8EC5-070979DDF871}.Release|Any CPU.Build.0 = Release|Any CPU
		{0DF7E632-C2F9-4AB2-8EC5-070979DDF871}.Release|Any CPU.Deploy.0 = Release|Any CPU
		{0DF7E632-C2F9-4AB2-8EC5-070979DDF871}.Release|ARM.ActiveCfg = Release|Any CPU
		{0DF7E632-C2F9-4AB2-8EC5-070979DDF871}.Release|ARM.Build.0 = Release|Any CPU
		{0DF7E632-C2F9-4AB2-8EC5-070979DDF871}.Release|ARM.Deploy.0 = Release|Any CPU
		{0DF7E632-C2F9-4AB2-8EC5-070979DDF871}.Release|iPhone.ActiveCfg = Release|Any CPU
		{0DF7E632-C2F9-4AB2-8EC5-070979DDF871}.Release|iPhone.Build.0 = Release|Any CPU
		{0DF7E632-C2F9-4AB2-8EC5-070979DDF871}.Release|iPhone.Deploy.0 = Release|Any CPU
		{0DF7E632-C2F9-4AB2-8EC5-070979DDF871}.Release|iPhoneSimulator.ActiveCfg = Release|Any CPU
		{0DF7E632-C2F9-4AB2-8EC5-070979DDF871}.Release|iPhoneSimulator.Build.0 = Release|Any CPU
		{0DF7E632-C2F9-4AB2-8EC5-070979DDF871}.Release|iPhoneSimulator.Deploy.0 = Release|Any CPU
		{0DF7E632-C2F9-4AB2-8EC5-070979DDF871}.Release|x64.ActiveCfg = Release|Any CPU
		{0DF7E632-C2F9-4AB2-8EC5-070979DDF871}.Release|x64.Build.0 = Release|Any CPU
		{0DF7E632-C2F9-4AB2-8EC5-070979DDF871}.Release|x64.Deploy.0 = Release|Any CPU
		{0DF7E632-C2F9-4AB2-8EC5-070979DDF871}.Release|x86.ActiveCfg = Release|Any CPU
		{0DF7E632-C2F9-4AB2-8EC5-070979DDF871}.Release|x86.Build.0 = Release|Any CPU
		{0DF7E632-C2F9-4AB2-8EC5-070979DDF871}.Release|x86.Deploy.0 = Release|Any CPU
		{D004794A-8B34-40C0-94BA-5DE017203774}.Ad-Hoc|Any CPU.ActiveCfg = Ad-Hoc|iPhone
		{D004794A-8B34-40C0-94BA-5DE017203774}.Ad-Hoc|ARM.ActiveCfg = Ad-Hoc|iPhone
		{D004794A-8B34-40C0-94BA-5DE017203774}.Ad-Hoc|iPhone.ActiveCfg = Ad-Hoc|iPhone
		{D004794A-8B34-40C0-94BA-5DE017203774}.Ad-Hoc|iPhone.Build.0 = Ad-Hoc|iPhone
		{D004794A-8B34-40C0-94BA-5DE017203774}.Ad-Hoc|iPhoneSimulator.ActiveCfg = Ad-Hoc|iPhoneSimulator
		{D004794A-8B34-40C0-94BA-5DE017203774}.Ad-Hoc|iPhoneSimulator.Build.0 = Ad-Hoc|iPhoneSimulator
		{D004794A-8B34-40C0-94BA-5DE017203774}.Ad-Hoc|x64.ActiveCfg = Ad-Hoc|iPhone
		{D004794A-8B34-40C0-94BA-5DE017203774}.Ad-Hoc|x86.ActiveCfg = Ad-Hoc|iPhone
		{D004794A-8B34-40C0-94BA-5DE017203774}.AppStore|Any CPU.ActiveCfg = AppStore|iPhone
		{D004794A-8B34-40C0-94BA-5DE017203774}.AppStore|ARM.ActiveCfg = AppStore|iPhone
		{D004794A-8B34-40C0-94BA-5DE017203774}.AppStore|iPhone.ActiveCfg = AppStore|iPhone
		{D004794A-8B34-40C0-94BA-5DE017203774}.AppStore|iPhone.Build.0 = AppStore|iPhone
		{D004794A-8B34-40C0-94BA-5DE017203774}.AppStore|iPhoneSimulator.ActiveCfg = AppStore|iPhoneSimulator
		{D004794A-8B34-40C0-94BA-5DE017203774}.AppStore|iPhoneSimulator.Build.0 = AppStore|iPhoneSimulator
		{D004794A-8B34-40C0-94BA-5DE017203774}.AppStore|x64.ActiveCfg = AppStore|iPhone
		{D004794A-8B34-40C0-94BA-5DE017203774}.AppStore|x86.ActiveCfg = AppStore|iPhone
		{D004794A-8B34-40C0-94BA-5DE017203774}.Debug|Any CPU.ActiveCfg = Debug|iPhone
		{D004794A-8B34-40C0-94BA-5DE017203774}.Debug|ARM.ActiveCfg = Debug|iPhone
		{D004794A-8B34-40C0-94BA-5DE017203774}.Debug|iPhone.ActiveCfg = Debug|iPhone
		{D004794A-8B34-40C0-94BA-5DE017203774}.Debug|iPhone.Build.0 = Debug|iPhone
		{D004794A-8B34-40C0-94BA-5DE017203774}.Debug|iPhoneSimulator.ActiveCfg = Debug|iPhoneSimulator
		{D004794A-8B34-40C0-94BA-5DE017203774}.Debug|iPhoneSimulator.Build.0 = Debug|iPhoneSimulator
		{D004794A-8B34-40C0-94BA-5DE017203774}.Debug|x64.ActiveCfg = Debug|iPhone
		{D004794A-8B34-40C0-94BA-5DE017203774}.Debug|x86.ActiveCfg = Debug|iPhone
		{D004794A-8B34-40C0-94BA-5DE017203774}.Release|Any CPU.ActiveCfg = Release|iPhone
		{D004794A-8B34-40C0-94BA-5DE017203774}.Release|ARM.ActiveCfg = Release|iPhone
		{D004794A-8B34-40C0-94BA-5DE017203774}.Release|iPhone.ActiveCfg = Release|iPhone
		{D004794A-8B34-40C0-94BA-5DE017203774}.Release|iPhone.Build.0 = Release|iPhone
		{D004794A-8B34-40C0-94BA-5DE017203774}.Release|iPhoneSimulator.ActiveCfg = Release|iPhoneSimulator
		{D004794A-8B34-40C0-94BA-5DE017203774}.Release|iPhoneSimulator.Build.0 = Release|iPhoneSimulator
		{D004794A-8B34-40C0-94BA-5DE017203774}.Release|x64.ActiveCfg = Release|iPhone
		{D004794A-8B34-40C0-94BA-5DE017203774}.Release|x86.ActiveCfg = Release|iPhone
		{4A151FD3-2D9E-48FE-9B89-4435FA63F7C8}.Ad-Hoc|Any CPU.ActiveCfg = Release|x86
		{4A151FD3-2D9E-48FE-9B89-4435FA63F7C8}.Ad-Hoc|Any CPU.Build.0 = Release|x86
		{4A151FD3-2D9E-48FE-9B89-4435FA63F7C8}.Ad-Hoc|Any CPU.Deploy.0 = Release|x86
		{4A151FD3-2D9E-48FE-9B89-4435FA63F7C8}.Ad-Hoc|ARM.ActiveCfg = Release|ARM
		{4A151FD3-2D9E-48FE-9B89-4435FA63F7C8}.Ad-Hoc|ARM.Build.0 = Release|ARM
		{4A151FD3-2D9E-48FE-9B89-4435FA63F7C8}.Ad-Hoc|ARM.Deploy.0 = Release|ARM
		{4A151FD3-2D9E-48FE-9B89-4435FA63F7C8}.Ad-Hoc|iPhone.ActiveCfg = Release|x86
		{4A151FD3-2D9E-48FE-9B89-4435FA63F7C8}.Ad-Hoc|iPhone.Build.0 = Release|x86
		{4A151FD3-2D9E-48FE-9B89-4435FA63F7C8}.Ad-Hoc|iPhone.Deploy.0 = Release|x86
		{4A151FD3-2D9E-48FE-9B89-4435FA63F7C8}.Ad-Hoc|iPhoneSimulator.ActiveCfg = Release|x86
		{4A151FD3-2D9E-48FE-9B89-4435FA63F7C8}.Ad-Hoc|iPhoneSimulator.Build.0 = Release|x86
		{4A151FD3-2D9E-48FE-9B89-4435FA63F7C8}.Ad-Hoc|iPhoneSimulator.Deploy.0 = Release|x86
		{4A151FD3-2D9E-48FE-9B89-4435FA63F7C8}.Ad-Hoc|x64.ActiveCfg = Release|x64
		{4A151FD3-2D9E-48FE-9B89-4435FA63F7C8}.Ad-Hoc|x64.Build.0 = Release|x64
		{4A151FD3-2D9E-48FE-9B89-4435FA63F7C8}.Ad-Hoc|x64.Deploy.0 = Release|x64
		{4A151FD3-2D9E-48FE-9B89-4435FA63F7C8}.Ad-Hoc|x86.ActiveCfg = Release|x86
		{4A151FD3-2D9E-48FE-9B89-4435FA63F7C8}.Ad-Hoc|x86.Build.0 = Release|x86
		{4A151FD3-2D9E-48FE-9B89-4435FA63F7C8}.Ad-Hoc|x86.Deploy.0 = Release|x86
		{4A151FD3-2D9E-48FE-9B89-4435FA63F7C8}.AppStore|Any CPU.ActiveCfg = Release|x86
		{4A151FD3-2D9E-48FE-9B89-4435FA63F7C8}.AppStore|Any CPU.Build.0 = Release|x86
		{4A151FD3-2D9E-48FE-9B89-4435FA63F7C8}.AppStore|Any CPU.Deploy.0 = Release|x86
		{4A151FD3-2D9E-48FE-9B89-4435FA63F7C8}.AppStore|ARM.ActiveCfg = Release|ARM
		{4A151FD3-2D9E-48FE-9B89-4435FA63F7C8}.AppStore|ARM.Build.0 = Release|ARM
		{4A151FD3-2D9E-48FE-9B89-4435FA63F7C8}.AppStore|ARM.Deploy.0 = Release|ARM
		{4A151FD3-2D9E-48FE-9B89-4435FA63F7C8}.AppStore|iPhone.ActiveCfg = Release|x86
		{4A151FD3-2D9E-48FE-9B89-4435FA63F7C8}.AppStore|iPhone.Build.0 = Release|x86
		{4A151FD3-2D9E-48FE-9B89-4435FA63F7C8}.AppStore|iPhone.Deploy.0 = Release|x86
		{4A151FD3-2D9E-48FE-9B89-4435FA63F7C8}.AppStore|iPhoneSimulator.ActiveCfg = Release|x86
		{4A151FD3-2D9E-48FE-9B89-4435FA63F7C8}.AppStore|iPhoneSimulator.Build.0 = Release|x86
		{4A151FD3-2D9E-48FE-9B89-4435FA63F7C8}.AppStore|iPhoneSimulator.Deploy.0 = Release|x86
		{4A151FD3-2D9E-48FE-9B89-4435FA63F7C8}.AppStore|x64.ActiveCfg = Release|x64
		{4A151FD3-2D9E-48FE-9B89-4435FA63F7C8}.AppStore|x64.Build.0 = Release|x64
		{4A151FD3-2D9E-48FE-9B89-4435FA63F7C8}.AppStore|x64.Deploy.0 = Release|x64
		{4A151FD3-2D9E-48FE-9B89-4435FA63F7C8}.AppStore|x86.ActiveCfg = Release|x86
		{4A151FD3-2D9E-48FE-9B89-4435FA63F7C8}.AppStore|x86.Build.0 = Release|x86
		{4A151FD3-2D9E-48FE-9B89-4435FA63F7C8}.AppStore|x86.Deploy.0 = Release|x86
		{4A151FD3-2D9E-48FE-9B89-4435FA63F7C8}.Debug|Any CPU.ActiveCfg = Debug|x86
		{4A151FD3-2D9E-48FE-9B89-4435FA63F7C8}.Debug|ARM.ActiveCfg = Debug|ARM
		{4A151FD3-2D9E-48FE-9B89-4435FA63F7C8}.Debug|ARM.Build.0 = Debug|ARM
		{4A151FD3-2D9E-48FE-9B89-4435FA63F7C8}.Debug|ARM.Deploy.0 = Debug|ARM
		{4A151FD3-2D9E-48FE-9B89-4435FA63F7C8}.Debug|iPhone.ActiveCfg = Debug|x86
		{4A151FD3-2D9E-48FE-9B89-4435FA63F7C8}.Debug|iPhoneSimulator.ActiveCfg = Debug|x86
		{4A151FD3-2D9E-48FE-9B89-4435FA63F7C8}.Debug|x64.ActiveCfg = Debug|x64
		{4A151FD3-2D9E-48FE-9B89-4435FA63F7C8}.Debug|x64.Build.0 = Debug|x64
		{4A151FD3-2D9E-48FE-9B89-4435FA63F7C8}.Debug|x64.Deploy.0 = Debug|x64
		{4A151FD3-2D9E-48FE-9B89-4435FA63F7C8}.Debug|x86.ActiveCfg = Debug|x86
		{4A151FD3-2D9E-48FE-9B89-4435FA63F7C8}.Debug|x86.Build.0 = Debug|x86
		{4A151FD3-2D9E-48FE-9B89-4435FA63F7C8}.Debug|x86.Deploy.0 = Debug|x86
		{4A151FD3-2D9E-48FE-9B89-4435FA63F7C8}.Release|Any CPU.ActiveCfg = Release|x86
		{4A151FD3-2D9E-48FE-9B89-4435FA63F7C8}.Release|ARM.ActiveCfg = Release|ARM
		{4A151FD3-2D9E-48FE-9B89-4435FA63F7C8}.Release|ARM.Build.0 = Release|ARM
		{4A151FD3-2D9E-48FE-9B89-4435FA63F7C8}.Release|ARM.Deploy.0 = Release|ARM
		{4A151FD3-2D9E-48FE-9B89-4435FA63F7C8}.Release|iPhone.ActiveCfg = Release|x86
		{4A151FD3-2D9E-48FE-9B89-4435FA63F7C8}.Release|iPhoneSimulator.ActiveCfg = Release|x86
		{4A151FD3-2D9E-48FE-9B89-4435FA63F7C8}.Release|x64.ActiveCfg = Release|x64
		{4A151FD3-2D9E-48FE-9B89-4435FA63F7C8}.Release|x64.Build.0 = Release|x64
		{4A151FD3-2D9E-48FE-9B89-4435FA63F7C8}.Release|x64.Deploy.0 = Release|x64
		{4A151FD3-2D9E-48FE-9B89-4435FA63F7C8}.Release|x86.ActiveCfg = Release|x86
		{4A151FD3-2D9E-48FE-9B89-4435FA63F7C8}.Release|x86.Build.0 = Release|x86
		{4A151FD3-2D9E-48FE-9B89-4435FA63F7C8}.Release|x86.Deploy.0 = Release|x86
		{B8532F27-6DBC-4754-B44D-F8418954C928}.Ad-Hoc|Any CPU.ActiveCfg = Debug|Any CPU
		{B8532F27-6DBC-4754-B44D-F8418954C928}.Ad-Hoc|Any CPU.Build.0 = Debug|Any CPU
		{B8532F27-6DBC-4754-B44D-F8418954C928}.Ad-Hoc|ARM.ActiveCfg = Debug|Any CPU
		{B8532F27-6DBC-4754-B44D-F8418954C928}.Ad-Hoc|ARM.Build.0 = Debug|Any CPU
		{B8532F27-6DBC-4754-B44D-F8418954C928}.Ad-Hoc|iPhone.ActiveCfg = Debug|Any CPU
		{B8532F27-6DBC-4754-B44D-F8418954C928}.Ad-Hoc|iPhone.Build.0 = Debug|Any CPU
		{B8532F27-6DBC-4754-B44D-F8418954C928}.Ad-Hoc|iPhoneSimulator.ActiveCfg = Debug|Any CPU
		{B8532F27-6DBC-4754-B44D-F8418954C928}.Ad-Hoc|iPhoneSimulator.Build.0 = Debug|Any CPU
		{B8532F27-6DBC-4754-B44D-F8418954C928}.Ad-Hoc|x64.ActiveCfg = Debug|Any CPU
		{B8532F27-6DBC-4754-B44D-F8418954C928}.Ad-Hoc|x64.Build.0 = Debug|Any CPU
		{B8532F27-6DBC-4754-B44D-F8418954C928}.Ad-Hoc|x86.ActiveCfg = Debug|Any CPU
		{B8532F27-6DBC-4754-B44D-F8418954C928}.Ad-Hoc|x86.Build.0 = Debug|Any CPU
		{B8532F27-6DBC-4754-B44D-F8418954C928}.AppStore|Any CPU.ActiveCfg = Debug|Any CPU
		{B8532F27-6DBC-4754-B44D-F8418954C928}.AppStore|Any CPU.Build.0 = Debug|Any CPU
		{B8532F27-6DBC-4754-B44D-F8418954C928}.AppStore|ARM.ActiveCfg = Debug|Any CPU
		{B8532F27-6DBC-4754-B44D-F8418954C928}.AppStore|ARM.Build.0 = Debug|Any CPU
		{B8532F27-6DBC-4754-B44D-F8418954C928}.AppStore|iPhone.ActiveCfg = Debug|Any CPU
		{B8532F27-6DBC-4754-B44D-F8418954C928}.AppStore|iPhone.Build.0 = Debug|Any CPU
		{B8532F27-6DBC-4754-B44D-F8418954C928}.AppStore|iPhoneSimulator.ActiveCfg = Debug|Any CPU
		{B8532F27-6DBC-4754-B44D-F8418954C928}.AppStore|iPhoneSimulator.Build.0 = Debug|Any CPU
		{B8532F27-6DBC-4754-B44D-F8418954C928}.AppStore|x64.ActiveCfg = Debug|Any CPU
		{B8532F27-6DBC-4754-B44D-F8418954C928}.AppStore|x64.Build.0 = Debug|Any CPU
		{B8532F27-6DBC-4754-B44D-F8418954C928}.AppStore|x86.ActiveCfg = Debug|Any CPU
		{B8532F27-6DBC-4754-B44D-F8418954C928}.AppStore|x86.Build.0 = Debug|Any CPU
		{B8532F27-6DBC-4754-B44D-F8418954C928}.Debug|Any CPU.ActiveCfg = Debug|Any CPU
		{B8532F27-6DBC-4754-B44D-F8418954C928}.Debug|Any CPU.Build.0 = Debug|Any CPU
		{B8532F27-6DBC-4754-B44D-F8418954C928}.Debug|ARM.ActiveCfg = Debug|Any CPU
		{B8532F27-6DBC-4754-B44D-F8418954C928}.Debug|ARM.Build.0 = Debug|Any CPU
		{B8532F27-6DBC-4754-B44D-F8418954C928}.Debug|iPhone.ActiveCfg = Debug|Any CPU
		{B8532F27-6DBC-4754-B44D-F8418954C928}.Debug|iPhone.Build.0 = Debug|Any CPU
		{B8532F27-6DBC-4754-B44D-F8418954C928}.Debug|iPhoneSimulator.ActiveCfg = Debug|Any CPU
		{B8532F27-6DBC-4754-B44D-F8418954C928}.Debug|iPhoneSimulator.Build.0 = Debug|Any CPU
		{B8532F27-6DBC-4754-B44D-F8418954C928}.Debug|x64.ActiveCfg = Debug|Any CPU
		{B8532F27-6DBC-4754-B44D-F8418954C928}.Debug|x64.Build.0 = Debug|Any CPU
		{B8532F27-6DBC-4754-B44D-F8418954C928}.Debug|x86.ActiveCfg = Debug|Any CPU
		{B8532F27-6DBC-4754-B44D-F8418954C928}.Debug|x86.Build.0 = Debug|Any CPU
		{B8532F27-6DBC-4754-B44D-F8418954C928}.Release|Any CPU.ActiveCfg = Release|Any CPU
		{B8532F27-6DBC-4754-B44D-F8418954C928}.Release|Any CPU.Build.0 = Release|Any CPU
		{B8532F27-6DBC-4754-B44D-F8418954C928}.Release|ARM.ActiveCfg = Release|Any CPU
		{B8532F27-6DBC-4754-B44D-F8418954C928}.Release|ARM.Build.0 = Release|Any CPU
		{B8532F27-6DBC-4754-B44D-F8418954C928}.Release|iPhone.ActiveCfg = Release|Any CPU
		{B8532F27-6DBC-4754-B44D-F8418954C928}.Release|iPhone.Build.0 = Release|Any CPU
		{B8532F27-6DBC-4754-B44D-F8418954C928}.Release|iPhoneSimulator.ActiveCfg = Release|Any CPU
		{B8532F27-6DBC-4754-B44D-F8418954C928}.Release|iPhoneSimulator.Build.0 = Release|Any CPU
		{B8532F27-6DBC-4754-B44D-F8418954C928}.Release|x64.ActiveCfg = Release|Any CPU
		{B8532F27-6DBC-4754-B44D-F8418954C928}.Release|x64.Build.0 = Release|Any CPU
		{B8532F27-6DBC-4754-B44D-F8418954C928}.Release|x86.ActiveCfg = Release|Any CPU
		{B8532F27-6DBC-4754-B44D-F8418954C928}.Release|x86.Build.0 = Release|Any CPU
	EndGlobalSection
	GlobalSection(SolutionProperties) = preSolution
		HideSolutionNode = FALSE
	EndGlobalSection
	GlobalSection(ExtensibilityGlobals) = postSolution
		SolutionGuid = {CF88F9D2-AA3D-4E21-9423-F06C91BF5449}
	EndGlobalSection
EndGlobal
